
Microsoft Visual Studio Solution File, Format Version 12.00
# Visual Studio Version 16
VisualStudioVersion = 16.0.31624.102
MinimumVisualStudioVersion = 10.0.40219.1
Project("{FAE04EC0-301F-11D3-BF4B-00C04F79EFBC}") = "WpfLibrary1", "WpfLibrary1\WpfLibrary1.csproj", "{27CB5043-25D4-46DE-A94B-0F6306B2F84D}"
EndProject
Global
	GlobalSection(SolutionConfigurationPlatforms) = preSolution
		Debug|Any CPU = Debug|Any CPU
		Release|Any CPU = Release|Any CPU
	EndGlobalSection
	GlobalSection(ProjectConfigurationPlatforms) = postSolution
		{27CB5043-25D4-46DE-A94B-0F6306B2F84D}.Debug|Any CPU.ActiveCfg = Debug|Any CPU
		{27CB5043-25D4-46DE-A94B-0F6306B2F84D}.Debug|Any CPU.Build.0 = Debug|Any CPU
		{27CB5043-25D4-46DE-A94B-0F6306B2F84D}.Release|Any CPU.ActiveCfg = Release|Any CPU
		{27CB5043-25D4-46DE-A94B-0F6306B2F84D}.Release|Any CPU.Build.0 = Release|Any CPU
	EndGlobalSection
	GlobalSection(SolutionProperties) = preSolution
		HideSolutionNode = FALSE
	EndGlobalSection
	GlobalSection(ExtensibilityGlobals) = postSolution
		SolutionGuid = {BC5B2DFF-96A9-4CC8-B825-97C7F5AF85AE}
	EndGlobalSection
EndGlobal
