
Microsoft Visual Studio Solution File, Format Version 12.00
# Visual Studio Version 16
VisualStudioVersion = 16.0.31624.102
MinimumVisualStudioVersion = 10.0.40219.1
Project("{FAE04EC0-301F-11D3-BF4B-00C04F79EFBC}") = "arrays", "arrays\arrays.csproj", "{07564AE6-1C0E-4161-BA1B-4DBB81370CAC}"
EndProject
Global
	GlobalSection(SolutionConfigurationPlatforms) = preSolution
		Debug|Any CPU = Debug|Any CPU
		Release|Any CPU = Release|Any CPU
	EndGlobalSection
	GlobalSection(ProjectConfigurationPlatforms) = postSolution
		{07564AE6-1C0E-4161-BA1B-4DBB81370CAC}.Debug|Any CPU.ActiveCfg = Debug|Any CPU
		{07564AE6-1C0E-4161-BA1B-4DBB81370CAC}.Debug|Any CPU.Build.0 = Debug|Any CPU
		{07564AE6-1C0E-4161-BA1B-4DBB81370CAC}.Release|Any CPU.ActiveCfg = Release|Any CPU
		{07564AE6-1C0E-4161-BA1B-4DBB81370CAC}.Release|Any CPU.Build.0 = Release|Any CPU
	EndGlobalSection
	GlobalSection(SolutionProperties) = preSolution
		HideSolutionNode = FALSE
	EndGlobalSection
	GlobalSection(ExtensibilityGlobals) = postSolution
		SolutionGuid = {658AA4AD-CCEF-4F26-A438-50709AB57FBF}
	EndGlobalSection
EndGlobal
