
Microsoft Visual Studio Solution File, Format Version 12.00
# Visual Studio Version 16
VisualStudioVersion = 16.0.31624.102
MinimumVisualStudioVersion = 10.0.40219.1
Project("{FAE04EC0-301F-11D3-BF4B-00C04F79EFBC}") = "task4(28)new", "task4(28)new\task4(28)new.csproj", "{617CC048-FEA2-42A5-8DDA-E3B493C9E4FB}"
EndProject
Global
	GlobalSection(SolutionConfigurationPlatforms) = preSolution
		Debug|Any CPU = Debug|Any CPU
		Release|Any CPU = Release|Any CPU
	EndGlobalSection
	GlobalSection(ProjectConfigurationPlatforms) = postSolution
		{617CC048-FEA2-42A5-8DDA-E3B493C9E4FB}.Debug|Any CPU.ActiveCfg = Debug|Any CPU
		{617CC048-FEA2-42A5-8DDA-E3B493C9E4FB}.Debug|Any CPU.Build.0 = Debug|Any CPU
		{617CC048-FEA2-42A5-8DDA-E3B493C9E4FB}.Release|Any CPU.ActiveCfg = Release|Any CPU
		{617CC048-FEA2-42A5-8DDA-E3B493C9E4FB}.Release|Any CPU.Build.0 = Release|Any CPU
	EndGlobalSection
	GlobalSection(SolutionProperties) = preSolution
		HideSolutionNode = FALSE
	EndGlobalSection
	GlobalSection(ExtensibilityGlobals) = postSolution
		SolutionGuid = {1A681C09-A706-474D-B23B-800C113B1AE6}
	EndGlobalSection
EndGlobal
