
Microsoft Visual Studio Solution File, Format Version 12.00
# Visual Studio Version 16
VisualStudioVersion = 16.0.31624.102
MinimumVisualStudioVersion = 10.0.40219.1
Project("{FAE04EC0-301F-11D3-BF4B-00C04F79EFBC}") = "task11", "task11\task11.csproj", "{EAD4B191-E293-42C8-9DB5-55AACAD9A63D}"
EndProject
Global
	GlobalSection(SolutionConfigurationPlatforms) = preSolution
		Debug|Any CPU = Debug|Any CPU
		Release|Any CPU = Release|Any CPU
	EndGlobalSection
	GlobalSection(ProjectConfigurationPlatforms) = postSolution
		{EAD4B191-E293-42C8-9DB5-55AACAD9A63D}.Debug|Any CPU.ActiveCfg = Debug|Any CPU
		{EAD4B191-E293-42C8-9DB5-55AACAD9A63D}.Debug|Any CPU.Build.0 = Debug|Any CPU
		{EAD4B191-E293-42C8-9DB5-55AACAD9A63D}.Release|Any CPU.ActiveCfg = Release|Any CPU
		{EAD4B191-E293-42C8-9DB5-55AACAD9A63D}.Release|Any CPU.Build.0 = Release|Any CPU
	EndGlobalSection
	GlobalSection(SolutionProperties) = preSolution
		HideSolutionNode = FALSE
	EndGlobalSection
	GlobalSection(ExtensibilityGlobals) = postSolution
		SolutionGuid = {3E34C2CE-EE26-4124-8827-7D3D71CBC8C3}
	EndGlobalSection
EndGlobal
