
Microsoft Visual Studio Solution File, Format Version 12.00
# Visual Studio Version 16
VisualStudioVersion = 16.0.31624.102
MinimumVisualStudioVersion = 10.0.40219.1
Project("{FAE04EC0-301F-11D3-BF4B-00C04F79EFBC}") = "task7(28)", "task7(28)\task7(28).csproj", "{7E574C09-9B9E-46CF-B143-FB52BCD72930}"
EndProject
Global
	GlobalSection(SolutionConfigurationPlatforms) = preSolution
		Debug|Any CPU = Debug|Any CPU
		Release|Any CPU = Release|Any CPU
	EndGlobalSection
	GlobalSection(ProjectConfigurationPlatforms) = postSolution
		{7E574C09-9B9E-46CF-B143-FB52BCD72930}.Debug|Any CPU.ActiveCfg = Debug|Any CPU
		{7E574C09-9B9E-46CF-B143-FB52BCD72930}.Debug|Any CPU.Build.0 = Debug|Any CPU
		{7E574C09-9B9E-46CF-B143-FB52BCD72930}.Release|Any CPU.ActiveCfg = Release|Any CPU
		{7E574C09-9B9E-46CF-B143-FB52BCD72930}.Release|Any CPU.Build.0 = Release|Any CPU
	EndGlobalSection
	GlobalSection(SolutionProperties) = preSolution
		HideSolutionNode = FALSE
	EndGlobalSection
	GlobalSection(ExtensibilityGlobals) = postSolution
		SolutionGuid = {E1DE75F0-43A5-4A42-9B56-98BD7779E90A}
	EndGlobalSection
EndGlobal
