
Microsoft Visual Studio Solution File, Format Version 12.00
# Visual Studio Version 16
VisualStudioVersion = 16.0.31624.102
MinimumVisualStudioVersion = 10.0.40219.1
Project("{FAE04EC0-301F-11D3-BF4B-00C04F79EFBC}") = "task6.1(28)", "task6.1(28)\task6.1(28).csproj", "{10A6E890-97A7-43E6-BCDE-318CA39CE9B2}"
EndProject
Global
	GlobalSection(SolutionConfigurationPlatforms) = preSolution
		Debug|Any CPU = Debug|Any CPU
		Release|Any CPU = Release|Any CPU
	EndGlobalSection
	GlobalSection(ProjectConfigurationPlatforms) = postSolution
		{10A6E890-97A7-43E6-BCDE-318CA39CE9B2}.Debug|Any CPU.ActiveCfg = Debug|Any CPU
		{10A6E890-97A7-43E6-BCDE-318CA39CE9B2}.Debug|Any CPU.Build.0 = Debug|Any CPU
		{10A6E890-97A7-43E6-BCDE-318CA39CE9B2}.Release|Any CPU.ActiveCfg = Release|Any CPU
		{10A6E890-97A7-43E6-BCDE-318CA39CE9B2}.Release|Any CPU.Build.0 = Release|Any CPU
	EndGlobalSection
	GlobalSection(SolutionProperties) = preSolution
		HideSolutionNode = FALSE
	EndGlobalSection
	GlobalSection(ExtensibilityGlobals) = postSolution
		SolutionGuid = {52BD9322-E61C-4B63-B8BA-A5E4E116E484}
	EndGlobalSection
EndGlobal
