
Microsoft Visual Studio Solution File, Format Version 12.00
# Visual Studio Version 16
VisualStudioVersion = 16.0.32002.261
MinimumVisualStudioVersion = 10.0.40219.1
Project("{FAE04EC0-301F-11D3-BF4B-00C04F79EFBC}") = "exam_task", "exam_2\exam_task.csproj", "{93FF3A17-6DEE-4D79-AB72-CBFF6748D54A}"
EndProject
Global
	GlobalSection(SolutionConfigurationPlatforms) = preSolution
		Debug|Any CPU = Debug|Any CPU
		Release|Any CPU = Release|Any CPU
	EndGlobalSection
	GlobalSection(ProjectConfigurationPlatforms) = postSolution
		{93FF3A17-6DEE-4D79-AB72-CBFF6748D54A}.Debug|Any CPU.ActiveCfg = Debug|Any CPU
		{93FF3A17-6DEE-4D79-AB72-CBFF6748D54A}.Debug|Any CPU.Build.0 = Debug|Any CPU
		{93FF3A17-6DEE-4D79-AB72-CBFF6748D54A}.Release|Any CPU.ActiveCfg = Release|Any CPU
		{93FF3A17-6DEE-4D79-AB72-CBFF6748D54A}.Release|Any CPU.Build.0 = Release|Any CPU
	EndGlobalSection
	GlobalSection(SolutionProperties) = preSolution
		HideSolutionNode = FALSE
	EndGlobalSection
	GlobalSection(ExtensibilityGlobals) = postSolution
		SolutionGuid = {535A35BA-5944-4D5E-92DB-5F3B264292A4}
	EndGlobalSection
EndGlobal
