
Microsoft Visual Studio Solution File, Format Version 12.00
# Visual Studio Version 16
VisualStudioVersion = 16.0.31624.102
MinimumVisualStudioVersion = 10.0.40219.1
Project("{FAE04EC0-301F-11D3-BF4B-00C04F79EFBC}") = "task4New(28)", "task4New(28)\task4New(28).csproj", "{A612BCE0-3C98-49C7-9DEA-0D4729AF358D}"
EndProject
Global
	GlobalSection(SolutionConfigurationPlatforms) = preSolution
		Debug|Any CPU = Debug|Any CPU
		Release|Any CPU = Release|Any CPU
	EndGlobalSection
	GlobalSection(ProjectConfigurationPlatforms) = postSolution
		{A612BCE0-3C98-49C7-9DEA-0D4729AF358D}.Debug|Any CPU.ActiveCfg = Debug|Any CPU
		{A612BCE0-3C98-49C7-9DEA-0D4729AF358D}.Debug|Any CPU.Build.0 = Debug|Any CPU
		{A612BCE0-3C98-49C7-9DEA-0D4729AF358D}.Release|Any CPU.ActiveCfg = Release|Any CPU
		{A612BCE0-3C98-49C7-9DEA-0D4729AF358D}.Release|Any CPU.Build.0 = Release|Any CPU
	EndGlobalSection
	GlobalSection(SolutionProperties) = preSolution
		HideSolutionNode = FALSE
	EndGlobalSection
	GlobalSection(ExtensibilityGlobals) = postSolution
		SolutionGuid = {684FA417-1D23-44C7-A0E6-717F7428FAFB}
	EndGlobalSection
EndGlobal
