
Microsoft Visual Studio Solution File, Format Version 12.00
# Visual Studio Version 16
VisualStudioVersion = 16.0.31624.102
MinimumVisualStudioVersion = 10.0.40219.1
Project("{FAE04EC0-301F-11D3-BF4B-00C04F79EFBC}") = "ConsoleApp4", "ConsoleApp4\ConsoleApp4.csproj", "{D2684DD9-35A1-4941-A179-759D3CF143ED}"
EndProject
Global
	GlobalSection(SolutionConfigurationPlatforms) = preSolution
		Debug|Any CPU = Debug|Any CPU
		Release|Any CPU = Release|Any CPU
	EndGlobalSection
	GlobalSection(ProjectConfigurationPlatforms) = postSolution
		{D2684DD9-35A1-4941-A179-759D3CF143ED}.Debug|Any CPU.ActiveCfg = Debug|Any CPU
		{D2684DD9-35A1-4941-A179-759D3CF143ED}.Debug|Any CPU.Build.0 = Debug|Any CPU
		{D2684DD9-35A1-4941-A179-759D3CF143ED}.Release|Any CPU.ActiveCfg = Release|Any CPU
		{D2684DD9-35A1-4941-A179-759D3CF143ED}.Release|Any CPU.Build.0 = Release|Any CPU
	EndGlobalSection
	GlobalSection(SolutionProperties) = preSolution
		HideSolutionNode = FALSE
	EndGlobalSection
	GlobalSection(ExtensibilityGlobals) = postSolution
		SolutionGuid = {993015AB-F49E-4208-9E97-6CE301FCD786}
	EndGlobalSection
EndGlobal
