
Microsoft Visual Studio Solution File, Format Version 12.00
# Visual Studio Version 16
VisualStudioVersion = 16.0.31624.102
MinimumVisualStudioVersion = 10.0.40219.1
Project("{FAE04EC0-301F-11D3-BF4B-00C04F79EFBC}") = "task5.2(28)", "task5.2(28)\task5.2(28).csproj", "{ADC7AAB2-71B9-4FCA-B8B0-C3BF1C997BEF}"
EndProject
Global
	GlobalSection(SolutionConfigurationPlatforms) = preSolution
		Debug|Any CPU = Debug|Any CPU
		Release|Any CPU = Release|Any CPU
	EndGlobalSection
	GlobalSection(ProjectConfigurationPlatforms) = postSolution
		{ADC7AAB2-71B9-4FCA-B8B0-C3BF1C997BEF}.Debug|Any CPU.ActiveCfg = Debug|Any CPU
		{ADC7AAB2-71B9-4FCA-B8B0-C3BF1C997BEF}.Debug|Any CPU.Build.0 = Debug|Any CPU
		{ADC7AAB2-71B9-4FCA-B8B0-C3BF1C997BEF}.Release|Any CPU.ActiveCfg = Release|Any CPU
		{ADC7AAB2-71B9-4FCA-B8B0-C3BF1C997BEF}.Release|Any CPU.Build.0 = Release|Any CPU
	EndGlobalSection
	GlobalSection(SolutionProperties) = preSolution
		HideSolutionNode = FALSE
	EndGlobalSection
	GlobalSection(ExtensibilityGlobals) = postSolution
		SolutionGuid = {84F012F5-FC0B-4586-BECA-F390A19D4618}
	EndGlobalSection
EndGlobal
